
Microsoft Visual Studio Solution File, Format Version 12.00
# Visual Studio Version 17
VisualStudioVersion = 17.5.002.0
MinimumVisualStudioVersion = 10.0.40219.1
Project("{9A19103F-16F7-4668-BE54-9A1E7A4F7556}") = "PDTABaiThiLai1", "PDTABaiThiLai1.csproj", "{BC5C01BF-B69A-4F1D-A9C6-FBA4797342C3}"
EndProject
Global
	GlobalSection(SolutionConfigurationPlatforms) = preSolution
		Debug|Any CPU = Debug|Any CPU
		Release|Any CPU = Release|Any CPU
	EndGlobalSection
	GlobalSection(ProjectConfigurationPlatforms) = postSolution
		{BC5C01BF-B69A-4F1D-A9C6-FBA4797342C3}.Debug|Any CPU.ActiveCfg = Debug|Any CPU
		{BC5C01BF-B69A-4F1D-A9C6-FBA4797342C3}.Debug|Any CPU.Build.0 = Debug|Any CPU
		{BC5C01BF-B69A-4F1D-A9C6-FBA4797342C3}.Release|Any CPU.ActiveCfg = Release|Any CPU
		{BC5C01BF-B69A-4F1D-A9C6-FBA4797342C3}.Release|Any CPU.Build.0 = Release|Any CPU
	EndGlobalSection
	GlobalSection(SolutionProperties) = preSolution
		HideSolutionNode = FALSE
	EndGlobalSection
	GlobalSection(ExtensibilityGlobals) = postSolution
		SolutionGuid = {292D6BC3-C918-4081-8DB4-BF0ADC71F73E}
	EndGlobalSection
EndGlobal
